
Microsoft Visual Studio Solution File, Format Version 12.00
# Visual Studio Version 16
VisualStudioVersion = 16.0.31313.79
MinimumVisualStudioVersion = 10.0.40219.1
Project("{FAE04EC0-301F-11D3-BF4B-00C04F79EFBC}") = "BSMSData", "BSMSData\BSMSData.csproj", "{52E4BF47-E9AB-4389-8129-8FBE5C3F1F51}"
EndProject
Project("{FAE04EC0-301F-11D3-BF4B-00C04F79EFBC}") = "BSMSSystem", "BSMSSystem\BSMSSystem.csproj", "{3B694813-1277-431A-BF9B-44971B387F3E}"
EndProject
Project("{E24C65DC-7377-472B-9ABA-BC803B73C61A}") = "BSMSWebsite", "BSMSWebsite\", "{BDE93D8A-1507-4264-B291-9CF5C3C064E5}"
	ProjectSection(WebsiteProperties) = preProject
		TargetFrameworkMoniker = ".NETFramework,Version%3Dv4.7.2"
		ProjectReferences = "{52e4bf47-e9ab-4389-8129-8fbe5c3f1f51}|BSMSData.dll;{3b694813-1277-431a-bf9b-44971b387f3e}|BSMSSystem.dll;"
		Debug.AspNetCompiler.VirtualPath = "/localhost_52484"
		Debug.AspNetCompiler.PhysicalPath = "BSMSWebsite\"
		Debug.AspNetCompiler.TargetPath = "PrecompiledWeb\localhost_52484\"
		Debug.AspNetCompiler.Updateable = "true"
		Debug.AspNetCompiler.ForceOverwrite = "true"
		Debug.AspNetCompiler.FixedNames = "false"
		Debug.AspNetCompiler.Debug = "True"
		Release.AspNetCompiler.VirtualPath = "/localhost_52484"
		Release.AspNetCompiler.PhysicalPath = "BSMSWebsite\"
		Release.AspNetCompiler.TargetPath = "PrecompiledWeb\localhost_52484\"
		Release.AspNetCompiler.Updateable = "true"
		Release.AspNetCompiler.ForceOverwrite = "true"
		Release.AspNetCompiler.FixedNames = "false"
		Release.AspNetCompiler.Debug = "False"
		VWDPort = "52484"
		SlnRelativePath = "BSMSWebsite\"
		DefaultWebSiteLanguage = "Visual C#"
	EndProjectSection
EndProject
Global
	GlobalSection(SolutionConfigurationPlatforms) = preSolution
		Debug|Any CPU = Debug|Any CPU
		Release|Any CPU = Release|Any CPU
	EndGlobalSection
	GlobalSection(ProjectConfigurationPlatforms) = postSolution
		{52E4BF47-E9AB-4389-8129-8FBE5C3F1F51}.Debug|Any CPU.ActiveCfg = Debug|Any CPU
		{52E4BF47-E9AB-4389-8129-8FBE5C3F1F51}.Debug|Any CPU.Build.0 = Debug|Any CPU
		{52E4BF47-E9AB-4389-8129-8FBE5C3F1F51}.Release|Any CPU.ActiveCfg = Release|Any CPU
		{52E4BF47-E9AB-4389-8129-8FBE5C3F1F51}.Release|Any CPU.Build.0 = Release|Any CPU
		{3B694813-1277-431A-BF9B-44971B387F3E}.Debug|Any CPU.ActiveCfg = Debug|Any CPU
		{3B694813-1277-431A-BF9B-44971B387F3E}.Debug|Any CPU.Build.0 = Debug|Any CPU
		{3B694813-1277-431A-BF9B-44971B387F3E}.Release|Any CPU.ActiveCfg = Release|Any CPU
		{3B694813-1277-431A-BF9B-44971B387F3E}.Release|Any CPU.Build.0 = Release|Any CPU
		{BDE93D8A-1507-4264-B291-9CF5C3C064E5}.Debug|Any CPU.ActiveCfg = Debug|Any CPU
		{BDE93D8A-1507-4264-B291-9CF5C3C064E5}.Debug|Any CPU.Build.0 = Debug|Any CPU
		{BDE93D8A-1507-4264-B291-9CF5C3C064E5}.Release|Any CPU.ActiveCfg = Debug|Any CPU
		{BDE93D8A-1507-4264-B291-9CF5C3C064E5}.Release|Any CPU.Build.0 = Debug|Any CPU
	EndGlobalSection
	GlobalSection(SolutionProperties) = preSolution
		HideSolutionNode = FALSE
	EndGlobalSection
	GlobalSection(ExtensibilityGlobals) = postSolution
		SolutionGuid = {25674D1C-FA5E-4388-92B4-F64FC8AC7FAA}
	EndGlobalSection
EndGlobal
